
Microsoft Visual Studio Solution File, Format Version 12.00
# Visual Studio Version 17
VisualStudioVersion = 17.14.36310.24
MinimumVisualStudioVersion = 10.0.40219.1
Project("{FAE04EC0-301F-11D3-BF4B-00C04F79EFBC}") = "NcCore", "NcCore\NcCore.csproj", "{5C1522C3-2052-42C2-90A2-FD752D6F6BB3}"
EndProject
Project("{FAE04EC0-301F-11D3-BF4B-00C04F79EFBC}") = "NcWpf", "NcWpf\NcWpf.csproj", "{3DC5287E-E6FE-AF5B-0EDC-780750DC7415}"
EndProject
Project("{2150E333-8FDC-42A3-9474-1A3956D46DE8}") = "Solution Items", "Solution Items", "{8EC462FD-D22E-90A8-E5CE-7E832BA40C5D}"
	ProjectSection(SolutionItems) = preProject
		.gitignore = .gitignore
		CHANGELOG.md = CHANGELOG.md
		.github\workflows\branch_main_release.yml = .github\workflows\branch_main_release.yml
		LICENSE.md = LICENSE.md
		README-RUS.md = README-RUS.md
		README.md = README.md
	EndProjectSection
EndProject
Project("{FAE04EC0-301F-11D3-BF4B-00C04F79EFBC}") = "NcGtk", "NcGtk\NcGtk.csproj", "{088B663A-B392-2CDF-2B83-8981334E13F2}"
EndProject
Global
	GlobalSection(SolutionConfigurationPlatforms) = preSolution
		Debug|Any CPU = Debug|Any CPU
		Release|Any CPU = Release|Any CPU
	EndGlobalSection
	GlobalSection(ProjectConfigurationPlatforms) = postSolution
		{5C1522C3-2052-42C2-90A2-FD752D6F6BB3}.Debug|Any CPU.ActiveCfg = Debug|Any CPU
		{5C1522C3-2052-42C2-90A2-FD752D6F6BB3}.Debug|Any CPU.Build.0 = Debug|Any CPU
		{5C1522C3-2052-42C2-90A2-FD752D6F6BB3}.Release|Any CPU.ActiveCfg = Release|Any CPU
		{5C1522C3-2052-42C2-90A2-FD752D6F6BB3}.Release|Any CPU.Build.0 = Release|Any CPU
		{3DC5287E-E6FE-AF5B-0EDC-780750DC7415}.Debug|Any CPU.ActiveCfg = Debug|Any CPU
		{3DC5287E-E6FE-AF5B-0EDC-780750DC7415}.Debug|Any CPU.Build.0 = Debug|Any CPU
		{3DC5287E-E6FE-AF5B-0EDC-780750DC7415}.Release|Any CPU.ActiveCfg = Release|Any CPU
		{3DC5287E-E6FE-AF5B-0EDC-780750DC7415}.Release|Any CPU.Build.0 = Release|Any CPU
		{088B663A-B392-2CDF-2B83-8981334E13F2}.Debug|Any CPU.ActiveCfg = Debug|Any CPU
		{088B663A-B392-2CDF-2B83-8981334E13F2}.Debug|Any CPU.Build.0 = Debug|Any CPU
		{088B663A-B392-2CDF-2B83-8981334E13F2}.Release|Any CPU.ActiveCfg = Release|Any CPU
		{088B663A-B392-2CDF-2B83-8981334E13F2}.Release|Any CPU.Build.0 = Release|Any CPU
	EndGlobalSection
	GlobalSection(SolutionProperties) = preSolution
		HideSolutionNode = FALSE
	EndGlobalSection
	GlobalSection(ExtensibilityGlobals) = postSolution
		SolutionGuid = {6B16EFF5-64DC-40E8-BB63-800465D1C240}
	EndGlobalSection
EndGlobal
